# THIS IS AN AUTOGENERATED FILE. DO NOT EDIT THIS FILE DIRECTLY.
# yarn lockfile v1


"@git-Alp/aloha-world@^0.0.22":
  version "0.0.22"
  resolved "https://npm.pkg.github.com/download/@git-Alp/aloha-world/0.0.22/3a7304e9b1974c09ef179da6c0691a72833f1d4776d217246fc37eb48626760e#0fe9afc35c6c28943bfdb5a7064b0c5e8e93520a"
  integrity sha512-uLH3beqTdgQX5zk9hA0pnwbhzvlRKZmgOx0RQIKlc+giByDewISgrQYAhg9ay8evuF69nVPHu6oXpY9uY77EuA==

"@git-Alp/hello-world@^0.0.22":
  version "0.0.22"
  resolved "https://npm.pkg.github.com/download/@git-Alp/hello-world/0.0.22/d9cc9db9be5c3a512378c67b10b0b07fbe1e5fed46c32c171caf0e16f893cae2#b04cc030f2c6bb0007f6b3f112df132e815b2fcf"
  integrity sha512-1Mjpmjo2KjRd+TvaNdBJNYywMA0VyA9MWjK12gbrnXyQBz1AHHi/J1uatb5NL/HZKPxXCceQDly7lUzHyZL3eg==
